
Microsoft Visual Studio Solution File, Format Version 12.00
Project("{FAE04EC0-301F-11D3-BF4B-00C04F79EFBC}") = "WhoisDomain", "WhoisDomain.csproj", "{6FC0A2F6-B185-4F3F-AA1F-B1B34CB5E879}"
EndProject
Global
	GlobalSection(SolutionConfigurationPlatforms) = preSolution
		Debug|Any CPU = Debug|Any CPU
		Release|Any CPU = Release|Any CPU
	EndGlobalSection
	GlobalSection(ProjectConfigurationPlatforms) = postSolution
		{6FC0A2F6-B185-4F3F-AA1F-B1B34CB5E879}.Debug|Any CPU.ActiveCfg = Debug|Any CPU
		{6FC0A2F6-B185-4F3F-AA1F-B1B34CB5E879}.Debug|Any CPU.Build.0 = Debug|Any CPU
		{6FC0A2F6-B185-4F3F-AA1F-B1B34CB5E879}.Release|Any CPU.ActiveCfg = Release|Any CPU
		{6FC0A2F6-B185-4F3F-AA1F-B1B34CB5E879}.Release|Any CPU.Build.0 = Release|Any CPU
	EndGlobalSection
EndGlobal
